
Microsoft Visual Studio Solution File, Format Version 12.00
# Visual Studio Version 17
VisualStudioVersion = 17.0.31903.59
MinimumVisualStudioVersion = 10.0.40219.1
Project("{2150E333-8FDC-42A3-9474-1A3956D46DE8}") = "Lab1", "Lab1", "{8BCCB340-2080-45F3-8FEC-A1CF57BD545E}"
EndProject
Project("{9A19103F-16F7-4668-BE54-9A1E7A4F7556}") = "Lab1", "Lab1\Lab1\Lab1.csproj", "{B4E5CF86-EB6C-429D-A8F8-9BEFD0A2C75D}"
EndProject
Project("{9A19103F-16F7-4668-BE54-9A1E7A4F7556}") = "Lab1Consol", "Lab1\Lab1Consol\Lab1Consol.csproj", "{0225E7F5-E8D4-4D21-AC49-7EC48E554F49}"
	ProjectSection(ProjectDependencies) = postProject
		{B4E5CF86-EB6C-429D-A8F8-9BEFD0A2C75D} = {B4E5CF86-EB6C-429D-A8F8-9BEFD0A2C75D}
	EndProjectSection
EndProject
Project("{2150E333-8FDC-42A3-9474-1A3956D46DE8}") = "Lab2", "Lab2", "{FC04F4A2-353C-42AA-9CC6-D9076D619B2E}"
EndProject
Project("{9A19103F-16F7-4668-BE54-9A1E7A4F7556}") = "Lab2", "Lab2\Lab2\Lab2.csproj", "{F7E70CCA-4AD7-4970-808C-A7F33E43D080}"
EndProject
Project("{9A19103F-16F7-4668-BE54-9A1E7A4F7556}") = "Lab2Consol", "Lab2\Lab2Consol\Lab2Consol.csproj", "{D6AAD791-B967-42B4-870F-014A3BF4349A}"
EndProject
Project("{2150E333-8FDC-42A3-9474-1A3956D46DE8}") = "Lab3", "Lab3", "{B1AFA988-0DDA-4176-8076-C0A33AD5FBEA}"
EndProject
Project("{9A19103F-16F7-4668-BE54-9A1E7A4F7556}") = "Lab3", "Lab3\Lab3\Lab3.csproj", "{25CFA406-CD16-4FC5-8633-4416788F65D0}"
EndProject
Project("{9A19103F-16F7-4668-BE54-9A1E7A4F7556}") = "Lab3Consol", "Lab3\Lab3Consol\Lab3Consol.csproj", "{5886F8EC-2085-409D-98B7-4F0E221C8E5C}"
EndProject
Global
	GlobalSection(SolutionConfigurationPlatforms) = preSolution
		Debug|Any CPU = Debug|Any CPU
		Release|Any CPU = Release|Any CPU
	EndGlobalSection
	GlobalSection(ProjectConfigurationPlatforms) = postSolution
		{B4E5CF86-EB6C-429D-A8F8-9BEFD0A2C75D}.Debug|Any CPU.ActiveCfg = Debug|Any CPU
		{B4E5CF86-EB6C-429D-A8F8-9BEFD0A2C75D}.Debug|Any CPU.Build.0 = Debug|Any CPU
		{B4E5CF86-EB6C-429D-A8F8-9BEFD0A2C75D}.Release|Any CPU.ActiveCfg = Release|Any CPU
		{B4E5CF86-EB6C-429D-A8F8-9BEFD0A2C75D}.Release|Any CPU.Build.0 = Release|Any CPU
		{0225E7F5-E8D4-4D21-AC49-7EC48E554F49}.Debug|Any CPU.ActiveCfg = Debug|Any CPU
		{0225E7F5-E8D4-4D21-AC49-7EC48E554F49}.Debug|Any CPU.Build.0 = Debug|Any CPU
		{0225E7F5-E8D4-4D21-AC49-7EC48E554F49}.Release|Any CPU.ActiveCfg = Release|Any CPU
		{0225E7F5-E8D4-4D21-AC49-7EC48E554F49}.Release|Any CPU.Build.0 = Release|Any CPU
		{F7E70CCA-4AD7-4970-808C-A7F33E43D080}.Debug|Any CPU.ActiveCfg = Debug|Any CPU
		{F7E70CCA-4AD7-4970-808C-A7F33E43D080}.Debug|Any CPU.Build.0 = Debug|Any CPU
		{F7E70CCA-4AD7-4970-808C-A7F33E43D080}.Release|Any CPU.ActiveCfg = Release|Any CPU
		{F7E70CCA-4AD7-4970-808C-A7F33E43D080}.Release|Any CPU.Build.0 = Release|Any CPU
		{D6AAD791-B967-42B4-870F-014A3BF4349A}.Debug|Any CPU.ActiveCfg = Debug|Any CPU
		{D6AAD791-B967-42B4-870F-014A3BF4349A}.Debug|Any CPU.Build.0 = Debug|Any CPU
		{D6AAD791-B967-42B4-870F-014A3BF4349A}.Release|Any CPU.ActiveCfg = Release|Any CPU
		{D6AAD791-B967-42B4-870F-014A3BF4349A}.Release|Any CPU.Build.0 = Release|Any CPU
		{25CFA406-CD16-4FC5-8633-4416788F65D0}.Debug|Any CPU.ActiveCfg = Debug|Any CPU
		{25CFA406-CD16-4FC5-8633-4416788F65D0}.Debug|Any CPU.Build.0 = Debug|Any CPU
		{25CFA406-CD16-4FC5-8633-4416788F65D0}.Release|Any CPU.ActiveCfg = Release|Any CPU
		{25CFA406-CD16-4FC5-8633-4416788F65D0}.Release|Any CPU.Build.0 = Release|Any CPU
		{5886F8EC-2085-409D-98B7-4F0E221C8E5C}.Debug|Any CPU.ActiveCfg = Debug|Any CPU
		{5886F8EC-2085-409D-98B7-4F0E221C8E5C}.Debug|Any CPU.Build.0 = Debug|Any CPU
		{5886F8EC-2085-409D-98B7-4F0E221C8E5C}.Release|Any CPU.ActiveCfg = Release|Any CPU
		{5886F8EC-2085-409D-98B7-4F0E221C8E5C}.Release|Any CPU.Build.0 = Release|Any CPU
	EndGlobalSection
	GlobalSection(SolutionProperties) = preSolution
		HideSolutionNode = FALSE
	EndGlobalSection
	GlobalSection(NestedProjects) = preSolution
		{B4E5CF86-EB6C-429D-A8F8-9BEFD0A2C75D} = {8BCCB340-2080-45F3-8FEC-A1CF57BD545E}
		{0225E7F5-E8D4-4D21-AC49-7EC48E554F49} = {8BCCB340-2080-45F3-8FEC-A1CF57BD545E}
		{F7E70CCA-4AD7-4970-808C-A7F33E43D080} = {FC04F4A2-353C-42AA-9CC6-D9076D619B2E}
		{D6AAD791-B967-42B4-870F-014A3BF4349A} = {FC04F4A2-353C-42AA-9CC6-D9076D619B2E}
		{25CFA406-CD16-4FC5-8633-4416788F65D0} = {B1AFA988-0DDA-4176-8076-C0A33AD5FBEA}
		{5886F8EC-2085-409D-98B7-4F0E221C8E5C} = {B1AFA988-0DDA-4176-8076-C0A33AD5FBEA}
	EndGlobalSection
	GlobalSection(ExtensibilityGlobals) = postSolution
		SolutionGuid = {EB3702BF-2DC7-4DF4-9EA7-0FDC4EEF2EE1}
	EndGlobalSection
EndGlobal
